// !$*UTF8*$!
{
	archiveVersion = 1;
	classes = {
	};
	objectVersion = 46;
	objects = {

/* Begin PBXBuildFile section */
		975675AF1C5A994300DAF4F5 /* AppKit.framework in Frameworks */ = {isa = PBXBuildFile; fileRef = 975675AE1C5A994300DAF4F5 /* AppKit.framework */; };
		975675B11C5A994300DAF4F5 /* Foundation.framework in Frameworks */ = {isa = PBXBuildFile; fileRef = 975675B01C5A994300DAF4F5 /* Foundation.framework */; };
		975675B51C5A994300DAF4F5 /* SYXcodeIconVersion.xcscheme in Resources */ = {isa = PBXBuildFile; fileRef = 975675B41C5A994300DAF4F5 /* SYXcodeIconVersion.xcscheme */; };
		975675B81C5A994300DAF4F5 /* SYXcodeIconVersion.m in Sources */ = {isa = PBXBuildFile; fileRef = 975675B71C5A994300DAF4F5 /* SYXcodeIconVersion.m */; };
		975675BB1C5A994300DAF4F5 /* NSObject_Extension.m in Sources */ = {isa = PBXBuildFile; fileRef = 975675BA1C5A994300DAF4F5 /* NSObject_Extension.m */; };
/* End PBXBuildFile section */

/* Begin PBXFileReference section */
		975675AB1C5A994300DAF4F5 /* SYXcodeIconVersion.xcplugin */ = {isa = PBXFileReference; explicitFileType = wrapper.cfbundle; includeInIndex = 0; path = SYXcodeIconVersion.xcplugin; sourceTree = BUILT_PRODUCTS_DIR; };
		975675AE1C5A994300DAF4F5 /* AppKit.framework */ = {isa = PBXFileReference; lastKnownFileType = wrapper.framework; name = AppKit.framework; path = /System/Library/Frameworks/AppKit.framework; sourceTree = "<absolute>"; };
		975675B01C5A994300DAF4F5 /* Foundation.framework */ = {isa = PBXFileReference; lastKnownFileType = wrapper.framework; name = Foundation.framework; path = /System/Library/Frameworks/Foundation.framework; sourceTree = "<absolute>"; };
		975675B41C5A994300DAF4F5 /* SYXcodeIconVersion.xcscheme */ = {isa = PBXFileReference; lastKnownFileType = text.xml; name = SYXcodeIconVersion.xcscheme; path = SYXcodeIconVersion.xcodeproj/xcshareddata/xcschemes/SYXcodeIconVersion.xcscheme; sourceTree = SOURCE_ROOT; };
		975675B61C5A994300DAF4F5 /* SYXcodeIconVersion.h */ = {isa = PBXFileReference; lastKnownFileType = sourcecode.c.h; path = SYXcodeIconVersion.h; sourceTree = "<group>"; };
		975675B71C5A994300DAF4F5 /* SYXcodeIconVersion.m */ = {isa = PBXFileReference; lastKnownFileType = sourcecode.c.objc; path = SYXcodeIconVersion.m; sourceTree = "<group>"; };
		975675B91C5A994300DAF4F5 /* NSObject_Extension.h */ = {isa = PBXFileReference; lastKnownFileType = sourcecode.c.h; path = NSObject_Extension.h; sourceTree = "<group>"; };
		975675BA1C5A994300DAF4F5 /* NSObject_Extension.m */ = {isa = PBXFileReference; lastKnownFileType = sourcecode.c.objc; path = NSObject_Extension.m; sourceTree = "<group>"; };
		975675BC1C5A994300DAF4F5 /* Info.plist */ = {isa = PBXFileReference; lastKnownFileType = text.plist.xml; path = Info.plist; sourceTree = "<group>"; };
/* End PBXFileReference section */

/* Begin PBXFrameworksBuildPhase section */
		975675A91C5A994300DAF4F5 /* Frameworks */ = {
			isa = PBXFrameworksBuildPhase;
			buildActionMask = 2147483647;
			files = (
				975675AF1C5A994300DAF4F5 /* AppKit.framework in Frameworks */,
				975675B11C5A994300DAF4F5 /* Foundation.framework in Frameworks */,
			);
			runOnlyForDeploymentPostprocessing = 0;
		};
/* End PBXFrameworksBuildPhase section */

/* Begin PBXGroup section */
		975675A21C5A994300DAF4F5 = {
			isa = PBXGroup;
			children = (
				975675B21C5A994300DAF4F5 /* SYXcodeIconVersion */,
				975675AD1C5A994300DAF4F5 /* Frameworks */,
				975675AC1C5A994300DAF4F5 /* Products */,
			);
			sourceTree = "<group>";
		};
		975675AC1C5A994300DAF4F5 /* Products */ = {
			isa = PBXGroup;
			children = (
				975675AB1C5A994300DAF4F5 /* SYXcodeIconVersion.xcplugin */,
			);
			name = Products;
			sourceTree = "<group>";
		};
		975675AD1C5A994300DAF4F5 /* Frameworks */ = {
			isa = PBXGroup;
			children = (
				975675AE1C5A994300DAF4F5 /* AppKit.framework */,
				975675B01C5A994300DAF4F5 /* Foundation.framework */,
			);
			name = Frameworks;
			sourceTree = "<group>";
		};
		975675B21C5A994300DAF4F5 /* SYXcodeIconVersion */ = {
			isa = PBXGroup;
			children = (
				975675B61C5A994300DAF4F5 /* SYXcodeIconVersion.h */,
				975675B71C5A994300DAF4F5 /* SYXcodeIconVersion.m */,
				975675B91C5A994300DAF4F5 /* NSObject_Extension.h */,
				975675BA1C5A994300DAF4F5 /* NSObject_Extension.m */,
				975675BC1C5A994300DAF4F5 /* Info.plist */,
				975675B31C5A994300DAF4F5 /* Supporting Files */,
			);
			path = SYXcodeIconVersion;
			sourceTree = "<group>";
		};
		975675B31C5A994300DAF4F5 /* Supporting Files */ = {
			isa = PBXGroup;
			children = (
				975675B41C5A994300DAF4F5 /* SYXcodeIconVersion.xcscheme */,
			);
			name = "Supporting Files";
			sourceTree = "<group>";
		};
/* End PBXGroup section */

/* Begin PBXNativeTarget section */
		975675AA1C5A994300DAF4F5 /* SYXcodeIconVersion */ = {
			isa = PBXNativeTarget;
			buildConfigurationList = 975675BF1C5A994300DAF4F5 /* Build configuration list for PBXNativeTarget "SYXcodeIconVersion" */;
			buildPhases = (
				9771AB421C5A9E5400E2BB20 /* Update supported Xcode versions */,
				975675A71C5A994300DAF4F5 /* Sources */,
				975675A81C5A994300DAF4F5 /* Resources */,
				975675A91C5A994300DAF4F5 /* Frameworks */,
			);
			buildRules = (
			);
			dependencies = (
			);
			name = SYXcodeIconVersion;
			productName = SYXcodeIconVersion;
			productReference = 975675AB1C5A994300DAF4F5 /* SYXcodeIconVersion.xcplugin */;
			productType = "com.apple.product-type.bundle";
		};
/* End PBXNativeTarget section */

/* Begin PBXProject section */
		975675A31C5A994300DAF4F5 /* Project object */ = {
			isa = PBXProject;
			attributes = {
				LastUpgradeCheck = 0700;
				ORGANIZATIONNAME = Syan;
				TargetAttributes = {
					975675AA1C5A994300DAF4F5 = {
						CreatedOnToolsVersion = 7.0.1;
					};
				};
			};
			buildConfigurationList = 975675A61C5A994300DAF4F5 /* Build configuration list for PBXProject "SYXcodeIconVersion" */;
			compatibilityVersion = "Xcode 3.2";
			developmentRegion = English;
			hasScannedForEncodings = 0;
			knownRegions = (
				en,
			);
			mainGroup = 975675A21C5A994300DAF4F5;
			productRefGroup = 975675AC1C5A994300DAF4F5 /* Products */;
			projectDirPath = "";
			projectRoot = "";
			targets = (
				975675AA1C5A994300DAF4F5 /* SYXcodeIconVersion */,
			);
		};
/* End PBXProject section */

/* Begin PBXResourcesBuildPhase section */
		975675A81C5A994300DAF4F5 /* Resources */ = {
			isa = PBXResourcesBuildPhase;
			buildActionMask = 2147483647;
			files = (
				975675B51C5A994300DAF4F5 /* SYXcodeIconVersion.xcscheme in Resources */,
			);
			runOnlyForDeploymentPostprocessing = 0;
		};
/* End PBXResourcesBuildPhase section */

/* Begin PBXShellScriptBuildPhase section */
		9771AB421C5A9E5400E2BB20 /* Update supported Xcode versions */ = {
			isa = PBXShellScriptBuildPhase;
			buildActionMask = 2147483647;
			files = (
			);
			inputPaths = (
			);
			name = "Update supported Xcode versions";
			outputPaths = (
			);
			runOnlyForDeploymentPostprocessing = 0;
			shellPath = /bin/sh;
			shellScript = "cd ${PROJECT_DIR}\n./update_uuids.sh";
		};
/* End PBXShellScriptBuildPhase section */

/* Begin PBXSourcesBuildPhase section */
		975675A71C5A994300DAF4F5 /* Sources */ = {
			isa = PBXSourcesBuildPhase;
			buildActionMask = 2147483647;
			files = (
				975675B81C5A994300DAF4F5 /* SYXcodeIconVersion.m in Sources */,
				975675BB1C5A994300DAF4F5 /* NSObject_Extension.m in Sources */,
			);
			runOnlyForDeploymentPostprocessing = 0;
		};
/* End PBXSourcesBuildPhase section */

/* Begin XCBuildConfiguration section */
		975675BD1C5A994300DAF4F5 /* Debug */ = {
			isa = XCBuildConfiguration;
			buildSettings = {
				ALWAYS_SEARCH_USER_PATHS = NO;
				CLANG_CXX_LANGUAGE_STANDARD = "gnu++0x";
				CLANG_CXX_LIBRARY = "libc++";
				CLANG_ENABLE_MODULES = YES;
				CLANG_ENABLE_OBJC_ARC = YES;
				CLANG_WARN_BOOL_CONVERSION = YES;
				CLANG_WARN_CONSTANT_CONVERSION = YES;
				CLANG_WARN_DIRECT_OBJC_ISA_USAGE = YES_ERROR;
				CLANG_WARN_EMPTY_BODY = YES;
				CLANG_WARN_ENUM_CONVERSION = YES;
				CLANG_WARN_INT_CONVERSION = YES;
				CLANG_WARN_OBJC_ROOT_CLASS = YES_ERROR;
				CLANG_WARN_UNREACHABLE_CODE = YES;
				CLANG_WARN__DUPLICATE_METHOD_MATCH = YES;
				COPY_PHASE_STRIP = NO;
				DEBUG_INFORMATION_FORMAT = dwarf;
				ENABLE_STRICT_OBJC_MSGSEND = YES;
				ENABLE_TESTABILITY = YES;
				GCC_C_LANGUAGE_STANDARD = gnu99;
				GCC_DYNAMIC_NO_PIC = NO;
				GCC_NO_COMMON_BLOCKS = YES;
				GCC_OPTIMIZATION_LEVEL = 0;
				GCC_PREPROCESSOR_DEFINITIONS = (
					"DEBUG=1",
					"$(inherited)",
				);
				GCC_WARN_64_TO_32_BIT_CONVERSION = YES;
				GCC_WARN_ABOUT_RETURN_TYPE = YES_ERROR;
				GCC_WARN_UNDECLARED_SELECTOR = YES;
				GCC_WARN_UNINITIALIZED_AUTOS = YES_AGGRESSIVE;
				GCC_WARN_UNUSED_FUNCTION = YES;
				GCC_WARN_UNUSED_VARIABLE = YES;
				MTL_ENABLE_DEBUG_INFO = YES;
				ONLY_ACTIVE_ARCH = YES;
			};
			name = Debug;
		};
		975675BE1C5A994300DAF4F5 /* Release */ = {
			isa = XCBuildConfiguration;
			buildSettings = {
				ALWAYS_SEARCH_USER_PATHS = NO;
				CLANG_CXX_LANGUAGE_STANDARD = "gnu++0x";
				CLANG_CXX_LIBRARY = "libc++";
				CLANG_ENABLE_MODULES = YES;
				CLANG_ENABLE_OBJC_ARC = YES;
				CLANG_WARN_BOOL_CONVERSION = YES;
				CLANG_WARN_CONSTANT_CONVERSION = YES;
				CLANG_WARN_DIRECT_OBJC_ISA_USAGE = YES_ERROR;
				CLANG_WARN_EMPTY_BODY = YES;
				CLANG_WARN_ENUM_CONVERSION = YES;
				CLANG_WARN_INT_CONVERSION = YES;
				CLANG_WARN_OBJC_ROOT_CLASS = YES_ERROR;
				CLANG_WARN_UNREACHABLE_CODE = YES;
				CLANG_WARN__DUPLICATE_METHOD_MATCH = YES;
				COPY_PHASE_STRIP = NO;
				DEBUG_INFORMATION_FORMAT = "dwarf-with-dsym";
				ENABLE_NS_ASSERTIONS = NO;
				ENABLE_STRICT_OBJC_MSGSEND = YES;
				GCC_C_LANGUAGE_STANDARD = gnu99;
				GCC_NO_COMMON_BLOCKS = YES;
				GCC_WARN_64_TO_32_BIT_CONVERSION = YES;
				GCC_WARN_ABOUT_RETURN_TYPE = YES_ERROR;
				GCC_WARN_UNDECLARED_SELECTOR = YES;
				GCC_WARN_UNINITIALIZED_AUTOS = YES_AGGRESSIVE;
				GCC_WARN_UNUSED_FUNCTION = YES;
				GCC_WARN_UNUSED_VARIABLE = YES;
				MTL_ENABLE_DEBUG_INFO = NO;
			};
			name = Release;
		};
		975675C01C5A994300DAF4F5 /* Debug */ = {
			isa = XCBuildConfiguration;
			buildSettings = {
				COMBINE_HIDPI_IMAGES = YES;
				DEPLOYMENT_LOCATION = YES;
				DSTROOT = "$(HOME)";
				INFOPLIST_FILE = SYXcodeIconVersion/Info.plist;
				INSTALL_PATH = "/Library/Application Support/Developer/Shared/Xcode/Plug-ins";
				MACOSX_DEPLOYMENT_TARGET = 10.10;
				PRODUCT_BUNDLE_IDENTIFIER = me.syan.SYXcodeIconVersion;
				PRODUCT_NAME = "$(TARGET_NAME)";
				WRAPPER_EXTENSION = xcplugin;
			};
			name = Debug;
		};
		975675C11C5A994300DAF4F5 /* Release */ = {
			isa = XCBuildConfiguration;
			buildSettings = {
				COMBINE_HIDPI_IMAGES = YES;
				DEPLOYMENT_LOCATION = YES;
				DSTROOT = "$(HOME)";
				INFOPLIST_FILE = SYXcodeIconVersion/Info.plist;
				INSTALL_PATH = "/Library/Application Support/Developer/Shared/Xcode/Plug-ins";
				MACOSX_DEPLOYMENT_TARGET = 10.10;
				PRODUCT_BUNDLE_IDENTIFIER = me.syan.SYXcodeIconVersion;
				PRODUCT_NAME = "$(TARGET_NAME)";
				WRAPPER_EXTENSION = xcplugin;
			};
			name = Release;
		};
/* End XCBuildConfiguration section */

/* Begin XCConfigurationList section */
		975675A61C5A994300DAF4F5 /* Build configuration list for PBXProject "SYXcodeIconVersion" */ = {
			isa = XCConfigurationList;
			buildConfigurations = (
				975675BD1C5A994300DAF4F5 /* Debug */,
				975675BE1C5A994300DAF4F5 /* Release */,
			);
			defaultConfigurationIsVisible = 0;
			defaultConfigurationName = Release;
		};
		975675BF1C5A994300DAF4F5 /* Build configuration list for PBXNativeTarget "SYXcodeIconVersion" */ = {
			isa = XCConfigurationList;
			buildConfigurations = (
				975675C01C5A994300DAF4F5 /* Debug */,
				975675C11C5A994300DAF4F5 /* Release */,
			);
			defaultConfigurationIsVisible = 0;
			defaultConfigurationName = Release;
		};
/* End XCConfigurationList section */
	};
	rootObject = 975675A31C5A994300DAF4F5 /* Project object */;
}
