// !$*UTF8*$!
{
	archiveVersion = 1;
	classes = {
	};
	objectVersion = 46;
	objects = {

/* Begin PBXBuildFile section */
		C2C8110F1D05C624005343C6 /* SYXcodeIconVersion.m in Sources */ = {isa = PBXBuildFile; fileRef = C2C8110E1D05C624005343C6 /* SYXcodeIconVersion.m */; };
/* End PBXBuildFile section */

/* Begin PBXFileReference section */
		C2C811081D05C624005343C6 /* SYXcodeIconVersion.xcplugin */ = {isa = PBXFileReference; explicitFileType = wrapper.cfbundle; includeInIndex = 0; path = SYXcodeIconVersion.xcplugin; sourceTree = BUILT_PRODUCTS_DIR; };
		C2C8110C1D05C624005343C6 /* SYXcodeIconVersion.xcscheme */ = {isa = PBXFileReference; lastKnownFileType = text.xml; name = SYXcodeIconVersion.xcscheme; path = SYXcodeIconVersion.xcodeproj/xcshareddata/xcschemes/SYXcodeIconVersion.xcscheme; sourceTree = SOURCE_ROOT; };
		C2C8110D1D05C624005343C6 /* SYXcodeIconVersion.h */ = {isa = PBXFileReference; lastKnownFileType = sourcecode.c.h; path = SYXcodeIconVersion.h; sourceTree = "<group>"; };
		C2C8110E1D05C624005343C6 /* SYXcodeIconVersion.m */ = {isa = PBXFileReference; lastKnownFileType = sourcecode.c.objc; path = SYXcodeIconVersion.m; sourceTree = "<group>"; };
		C2C811101D05C624005343C6 /* Info.plist */ = {isa = PBXFileReference; lastKnownFileType = text.plist.xml; path = Info.plist; sourceTree = "<group>"; };
/* End PBXFileReference section */

/* Begin PBXGroup section */
		C2C811001D05C624005343C6 = {
			isa = PBXGroup;
			children = (
				C2C8110A1D05C624005343C6 /* SYXcodeIconVersion */,
				C2C811091D05C624005343C6 /* Products */,
			);
			sourceTree = "<group>";
		};
		C2C811091D05C624005343C6 /* Products */ = {
			isa = PBXGroup;
			children = (
				C2C811081D05C624005343C6 /* SYXcodeIconVersion.xcplugin */,
			);
			name = Products;
			sourceTree = "<group>";
		};
		C2C8110A1D05C624005343C6 /* SYXcodeIconVersion */ = {
			isa = PBXGroup;
			children = (
				C2C8110D1D05C624005343C6 /* SYXcodeIconVersion.h */,
				C2C8110E1D05C624005343C6 /* SYXcodeIconVersion.m */,
				C2C811101D05C624005343C6 /* Info.plist */,
				C2C8110B1D05C624005343C6 /* Supporting Files */,
			);
			path = SYXcodeIconVersion;
			sourceTree = "<group>";
		};
		C2C8110B1D05C624005343C6 /* Supporting Files */ = {
			isa = PBXGroup;
			children = (
				C2C8110C1D05C624005343C6 /* SYXcodeIconVersion.xcscheme */,
			);
			name = "Supporting Files";
			sourceTree = "<group>";
		};
/* End PBXGroup section */

/* Begin PBXNativeTarget section */
		C2C811071D05C624005343C6 /* SYXcodeIconVersion */ = {
			isa = PBXNativeTarget;
			buildConfigurationList = C2C811131D05C624005343C6 /* Build configuration list for PBXNativeTarget "SYXcodeIconVersion" */;
			buildPhases = (
				C2C811161D05C8D4005343C6 /* Update supported Xcode versions */,
				C2C811051D05C624005343C6 /* Sources */,
				C2C811061D05C624005343C6 /* Resources */,
			);
			buildRules = (
			);
			dependencies = (
			);
			name = SYXcodeIconVersion;
			productName = SYXcodeIconVersion;
			productReference = C2C811081D05C624005343C6 /* SYXcodeIconVersion.xcplugin */;
			productType = "com.apple.product-type.bundle";
		};
/* End PBXNativeTarget section */

/* Begin PBXProject section */
		C2C811011D05C624005343C6 /* Project object */ = {
			isa = PBXProject;
			attributes = {
				LastUpgradeCheck = 0730;
				ORGANIZATIONNAME = Syan;
				TargetAttributes = {
					C2C811071D05C624005343C6 = {
						CreatedOnToolsVersion = 7.3.1;
					};
				};
			};
			buildConfigurationList = C2C811041D05C624005343C6 /* Build configuration list for PBXProject "SYXcodeIconVersion" */;
			compatibilityVersion = "Xcode 3.2";
			developmentRegion = English;
			hasScannedForEncodings = 0;
			knownRegions = (
				en,
			);
			mainGroup = C2C811001D05C624005343C6;
			productRefGroup = C2C811091D05C624005343C6 /* Products */;
			projectDirPath = "";
			projectRoot = "";
			targets = (
				C2C811071D05C624005343C6 /* SYXcodeIconVersion */,
			);
		};
/* End PBXProject section */

/* Begin PBXResourcesBuildPhase section */
		C2C811061D05C624005343C6 /* Resources */ = {
			isa = PBXResourcesBuildPhase;
			buildActionMask = 2147483647;
			files = (
			);
			runOnlyForDeploymentPostprocessing = 0;
		};
/* End PBXResourcesBuildPhase section */

/* Begin PBXShellScriptBuildPhase section */
		C2C811161D05C8D4005343C6 /* Update supported Xcode versions */ = {
			isa = PBXShellScriptBuildPhase;
			buildActionMask = 2147483647;
			files = (
			);
			inputPaths = (
			);
			name = "Update supported Xcode versions";
			outputPaths = (
			);
			runOnlyForDeploymentPostprocessing = 0;
			shellPath = /bin/sh;
			shellScript = "cd ${PROJECT_DIR}\n./update_uuids.sh";
		};
/* End PBXShellScriptBuildPhase section */

/* Begin PBXSourcesBuildPhase section */
		C2C811051D05C624005343C6 /* Sources */ = {
			isa = PBXSourcesBuildPhase;
			buildActionMask = 2147483647;
			files = (
				C2C8110F1D05C624005343C6 /* SYXcodeIconVersion.m in Sources */,
			);
			runOnlyForDeploymentPostprocessing = 0;
		};
/* End PBXSourcesBuildPhase section */

/* Begin XCBuildConfiguration section */
		C2C811111D05C624005343C6 /* Debug */ = {
			isa = XCBuildConfiguration;
			buildSettings = {
				ALWAYS_SEARCH_USER_PATHS = NO;
				CLANG_ANALYZER_NONNULL = YES;
				CLANG_CXX_LANGUAGE_STANDARD = "gnu++0x";
				CLANG_CXX_LIBRARY = "libc++";
				CLANG_ENABLE_MODULES = YES;
				CLANG_ENABLE_OBJC_ARC = YES;
				CLANG_WARN_BOOL_CONVERSION = YES;
				CLANG_WARN_CONSTANT_CONVERSION = YES;
				CLANG_WARN_DIRECT_OBJC_ISA_USAGE = YES_ERROR;
				CLANG_WARN_EMPTY_BODY = YES;
				CLANG_WARN_ENUM_CONVERSION = YES;
				CLANG_WARN_INT_CONVERSION = YES;
				CLANG_WARN_OBJC_ROOT_CLASS = YES_ERROR;
				CLANG_WARN_UNREACHABLE_CODE = YES;
				CLANG_WARN__DUPLICATE_METHOD_MATCH = YES;
				COPY_PHASE_STRIP = NO;
				DEBUG_INFORMATION_FORMAT = dwarf;
				ENABLE_STRICT_OBJC_MSGSEND = YES;
				ENABLE_TESTABILITY = YES;
				GCC_C_LANGUAGE_STANDARD = gnu99;
				GCC_DYNAMIC_NO_PIC = NO;
				GCC_NO_COMMON_BLOCKS = YES;
				GCC_OPTIMIZATION_LEVEL = 0;
				GCC_PREPROCESSOR_DEFINITIONS = (
					"DEBUG=1",
					"$(inherited)",
				);
				GCC_WARN_64_TO_32_BIT_CONVERSION = YES;
				GCC_WARN_ABOUT_RETURN_TYPE = YES_ERROR;
				GCC_WARN_UNDECLARED_SELECTOR = YES;
				GCC_WARN_UNINITIALIZED_AUTOS = YES_AGGRESSIVE;
				GCC_WARN_UNUSED_FUNCTION = YES;
				GCC_WARN_UNUSED_VARIABLE = YES;
				MACOSX_DEPLOYMENT_TARGET = 10.10;
				MTL_ENABLE_DEBUG_INFO = YES;
				ONLY_ACTIVE_ARCH = YES;
				SDKROOT = macosx;
			};
			name = Debug;
		};
		C2C811121D05C624005343C6 /* Release */ = {
			isa = XCBuildConfiguration;
			buildSettings = {
				ALWAYS_SEARCH_USER_PATHS = NO;
				CLANG_ANALYZER_NONNULL = YES;
				CLANG_CXX_LANGUAGE_STANDARD = "gnu++0x";
				CLANG_CXX_LIBRARY = "libc++";
				CLANG_ENABLE_MODULES = YES;
				CLANG_ENABLE_OBJC_ARC = YES;
				CLANG_WARN_BOOL_CONVERSION = YES;
				CLANG_WARN_CONSTANT_CONVERSION = YES;
				CLANG_WARN_DIRECT_OBJC_ISA_USAGE = YES_ERROR;
				CLANG_WARN_EMPTY_BODY = YES;
				CLANG_WARN_ENUM_CONVERSION = YES;
				CLANG_WARN_INT_CONVERSION = YES;
				CLANG_WARN_OBJC_ROOT_CLASS = YES_ERROR;
				CLANG_WARN_UNREACHABLE_CODE = YES;
				CLANG_WARN__DUPLICATE_METHOD_MATCH = YES;
				COPY_PHASE_STRIP = NO;
				DEBUG_INFORMATION_FORMAT = "dwarf-with-dsym";
				ENABLE_NS_ASSERTIONS = NO;
				ENABLE_STRICT_OBJC_MSGSEND = YES;
				GCC_C_LANGUAGE_STANDARD = gnu99;
				GCC_NO_COMMON_BLOCKS = YES;
				GCC_WARN_64_TO_32_BIT_CONVERSION = YES;
				GCC_WARN_ABOUT_RETURN_TYPE = YES_ERROR;
				GCC_WARN_UNDECLARED_SELECTOR = YES;
				GCC_WARN_UNINITIALIZED_AUTOS = YES_AGGRESSIVE;
				GCC_WARN_UNUSED_FUNCTION = YES;
				GCC_WARN_UNUSED_VARIABLE = YES;
				MACOSX_DEPLOYMENT_TARGET = 10.10;
				MTL_ENABLE_DEBUG_INFO = NO;
				SDKROOT = macosx;
			};
			name = Release;
		};
		C2C811141D05C624005343C6 /* Debug */ = {
			isa = XCBuildConfiguration;
			buildSettings = {
				COMBINE_HIDPI_IMAGES = YES;
				DEPLOYMENT_LOCATION = YES;
				DSTROOT = "$(HOME)";
				INFOPLIST_FILE = SYXcodeIconVersion/Info.plist;
				INSTALL_PATH = "/Library/Application Support/Developer/Shared/Xcode/Plug-ins";
				MACH_O_TYPE = mh_bundle;
				PRODUCT_BUNDLE_IDENTIFIER = me.syan.SYXcodeIconVersion;
				PRODUCT_NAME = "$(TARGET_NAME)";
				WRAPPER_EXTENSION = xcplugin;
			};
			name = Debug;
		};
		C2C811151D05C624005343C6 /* Release */ = {
			isa = XCBuildConfiguration;
			buildSettings = {
				COMBINE_HIDPI_IMAGES = YES;
				DEPLOYMENT_LOCATION = YES;
				DSTROOT = "$(HOME)";
				INFOPLIST_FILE = SYXcodeIconVersion/Info.plist;
				INSTALL_PATH = "/Library/Application Support/Developer/Shared/Xcode/Plug-ins";
				MACH_O_TYPE = mh_bundle;
				PRODUCT_BUNDLE_IDENTIFIER = me.syan.SYXcodeIconVersion;
				PRODUCT_NAME = "$(TARGET_NAME)";
				WRAPPER_EXTENSION = xcplugin;
			};
			name = Release;
		};
/* End XCBuildConfiguration section */

/* Begin XCConfigurationList section */
		C2C811041D05C624005343C6 /* Build configuration list for PBXProject "SYXcodeIconVersion" */ = {
			isa = XCConfigurationList;
			buildConfigurations = (
				C2C811111D05C624005343C6 /* Debug */,
				C2C811121D05C624005343C6 /* Release */,
			);
			defaultConfigurationIsVisible = 0;
			defaultConfigurationName = Release;
		};
		C2C811131D05C624005343C6 /* Build configuration list for PBXNativeTarget "SYXcodeIconVersion" */ = {
			isa = XCConfigurationList;
			buildConfigurations = (
				C2C811141D05C624005343C6 /* Debug */,
				C2C811151D05C624005343C6 /* Release */,
			);
			defaultConfigurationIsVisible = 0;
			defaultConfigurationName = Release;
		};
/* End XCConfigurationList section */
	};
	rootObject = C2C811011D05C624005343C6 /* Project object */;
}
